{
  "version": 4,
  "terraform_version": "1.0.4",
  "serial": 1,
  "lineage": "b13b54bf-10aa-4f29-2cdc-d28cb43d431b",
  "outputs": {},
  "resources": [
    {
      "mode": "managed",
      "type": "vra7_deployment",
      "name": "secrets-keeper-instance",
      "provider": "provider[\"registry.terraform.io/terraform-providers/vra7\"]",
      "instances": [
        {
          "schema_version": 0,
          "attributes": {
            "businessgroup_id": "4424bf46-664f-41d2-8d05-8737d95cb21c",
            "businessgroup_name": null,
            "catalog_item_id": "0c2a1e6a-440b-401c-9a22-49997901c680",
            "catalog_item_name": "Vault - Criar cofre de segredos estático",
            "date_created": "2022-02-16T14:42:20.010Z",
            "deployment_configuration": {
              "_leaseDays": "0"
            },
            "deployment_destroy": true,
            "deployment_id": "4c3bb8f9-994e-41f6-9234-97bafd25722b",
            "description": "INFO: Creating a new instance of secrets-keeper on investments/product/·/team-sanfierro-project-sanfierro_slackbot-qa",
            "id": "2a9efe05-d48d-45dd-9849-eba9d00ee3b8",
            "last_updated": "2022-02-16T14:42:24.095Z",
            "lease_days": 0,
            "lease_end": null,
            "lease_start": "2022-02-16T14:42:24.042Z",
            "name": "Vault - Criar cofre de segredos estático-66693856",
            "owners": [
              "v_invt_paginvest v_invt_paginvest"
            ],
            "reasons": null,
            "request_status": "SUCCESSFUL",
            "resource_configuration": [],
            "tenant_id": "pagseguro",
            "wait_timeout": 60
          },
          "sensitive_attributes": [],
          "private": "bnVsbA=="
        }
      ]
    }
  ]
}
